
Microsoft Visual Studio Solution File, Format Version 12.00
# Visual Studio Version 16
VisualStudioVersion = 16.0.32602.291
MinimumVisualStudioVersion = 10.0.40219.1
Project("{FAE04EC0-301F-11D3-BF4B-00C04F79EFBC}") = "GarbageCollector", "GarbageCollector\GarbageCollector.csproj", "{679F1B23-7B6E-44E2-B1E9-89A52608FB77}"
EndProject
Global
	GlobalSection(SolutionConfigurationPlatforms) = preSolution
		Debug|Any CPU = Debug|Any CPU
		Release|Any CPU = Release|Any CPU
	EndGlobalSection
	GlobalSection(ProjectConfigurationPlatforms) = postSolution
		{679F1B23-7B6E-44E2-B1E9-89A52608FB77}.Debug|Any CPU.ActiveCfg = Debug|Any CPU
		{679F1B23-7B6E-44E2-B1E9-89A52608FB77}.Debug|Any CPU.Build.0 = Debug|Any CPU
		{679F1B23-7B6E-44E2-B1E9-89A52608FB77}.Release|Any CPU.ActiveCfg = Release|Any CPU
		{679F1B23-7B6E-44E2-B1E9-89A52608FB77}.Release|Any CPU.Build.0 = Release|Any CPU
	EndGlobalSection
	GlobalSection(SolutionProperties) = preSolution
		HideSolutionNode = FALSE
	EndGlobalSection
	GlobalSection(ExtensibilityGlobals) = postSolution
		SolutionGuid = {DB5041B4-812D-4E72-9BC4-F2C8CD482997}
	EndGlobalSection
EndGlobal
